// !$*UTF8*$!
{
	archiveVersion = 1;
	classes = {
	};
	objectVersion = 46;
	objects = {

/* Begin PBXBuildFile section */
		FE8C1F371EDC29FC00EAC1D8 /* AppDelegate.swift in Sources */ = {isa = PBXBuildFile; fileRef = FE8C1F361EDC29FC00EAC1D8 /* AppDelegate.swift */; };
		FE8C1F391EDC29FC00EAC1D8 /* ViewController.swift in Sources */ = {isa = PBXBuildFile; fileRef = FE8C1F381EDC29FC00EAC1D8 /* ViewController.swift */; };
		FE8C1F3C1EDC29FC00EAC1D8 /* Main.storyboard in Resources */ = {isa = PBXBuildFile; fileRef = FE8C1F3A1EDC29FC00EAC1D8 /* Main.storyboard */; };
		FE8C1F3F1EDC29FC00EAC1D8 /* Tour.xcdatamodeld in Sources */ = {isa = PBXBuildFile; fileRef = FE8C1F3D1EDC29FC00EAC1D8 /* Tour.xcdatamodeld */; };
		FE8C1F411EDC29FC00EAC1D8 /* Assets.xcassets in Resources */ = {isa = PBXBuildFile; fileRef = FE8C1F401EDC29FC00EAC1D8 /* Assets.xcassets */; };
		FE8C1F441EDC29FC00EAC1D8 /* LaunchScreen.storyboard in Resources */ = {isa = PBXBuildFile; fileRef = FE8C1F421EDC29FC00EAC1D8 /* LaunchScreen.storyboard */; };
		FE8C1F4F1EDC29FC00EAC1D8 /* TourTests.swift in Sources */ = {isa = PBXBuildFile; fileRef = FE8C1F4E1EDC29FC00EAC1D8 /* TourTests.swift */; };
		FE8C1F5A1EDC29FD00EAC1D8 /* TourUITests.swift in Sources */ = {isa = PBXBuildFile; fileRef = FE8C1F591EDC29FD00EAC1D8 /* TourUITests.swift */; };
/* End PBXBuildFile section */

/* Begin PBXContainerItemProxy section */
		FE8C1F4B1EDC29FC00EAC1D8 /* PBXContainerItemProxy */ = {
			isa = PBXContainerItemProxy;
			containerPortal = FE8C1F2B1EDC29FC00EAC1D8 /* Project object */;
			proxyType = 1;
			remoteGlobalIDString = FE8C1F321EDC29FC00EAC1D8;
			remoteInfo = Tour;
		};
		FE8C1F561EDC29FD00EAC1D8 /* PBXContainerItemProxy */ = {
			isa = PBXContainerItemProxy;
			containerPortal = FE8C1F2B1EDC29FC00EAC1D8 /* Project object */;
			proxyType = 1;
			remoteGlobalIDString = FE8C1F321EDC29FC00EAC1D8;
			remoteInfo = Tour;
		};
/* End PBXContainerItemProxy section */

/* Begin PBXFileReference section */
		FE8C1F331EDC29FC00EAC1D8 /* Tour.app */ = {isa = PBXFileReference; explicitFileType = wrapper.application; includeInIndex = 0; path = Tour.app; sourceTree = BUILT_PRODUCTS_DIR; };
		FE8C1F361EDC29FC00EAC1D8 /* AppDelegate.swift */ = {isa = PBXFileReference; lastKnownFileType = sourcecode.swift; path = AppDelegate.swift; sourceTree = "<group>"; };
		FE8C1F381EDC29FC00EAC1D8 /* ViewController.swift */ = {isa = PBXFileReference; lastKnownFileType = sourcecode.swift; path = ViewController.swift; sourceTree = "<group>"; };
		FE8C1F3B1EDC29FC00EAC1D8 /* Base */ = {isa = PBXFileReference; lastKnownFileType = file.storyboard; name = Base; path = Base.lproj/Main.storyboard; sourceTree = "<group>"; };
		FE8C1F3E1EDC29FC00EAC1D8 /* Tour.xcdatamodel */ = {isa = PBXFileReference; lastKnownFileType = wrapper.xcdatamodel; path = Tour.xcdatamodel; sourceTree = "<group>"; };
		FE8C1F401EDC29FC00EAC1D8 /* Assets.xcassets */ = {isa = PBXFileReference; lastKnownFileType = folder.assetcatalog; path = Assets.xcassets; sourceTree = "<group>"; };
		FE8C1F431EDC29FC00EAC1D8 /* Base */ = {isa = PBXFileReference; lastKnownFileType = file.storyboard; name = Base; path = Base.lproj/LaunchScreen.storyboard; sourceTree = "<group>"; };
		FE8C1F451EDC29FC00EAC1D8 /* Info.plist */ = {isa = PBXFileReference; lastKnownFileType = text.plist.xml; path = Info.plist; sourceTree = "<group>"; };
		FE8C1F4A1EDC29FC00EAC1D8 /* TourTests.xctest */ = {isa = PBXFileReference; explicitFileType = wrapper.cfbundle; includeInIndex = 0; path = TourTests.xctest; sourceTree = BUILT_PRODUCTS_DIR; };
		FE8C1F4E1EDC29FC00EAC1D8 /* TourTests.swift */ = {isa = PBXFileReference; lastKnownFileType = sourcecode.swift; path = TourTests.swift; sourceTree = "<group>"; };
		FE8C1F501EDC29FC00EAC1D8 /* Info.plist */ = {isa = PBXFileReference; lastKnownFileType = text.plist.xml; path = Info.plist; sourceTree = "<group>"; };
		FE8C1F551EDC29FD00EAC1D8 /* TourUITests.xctest */ = {isa = PBXFileReference; explicitFileType = wrapper.cfbundle; includeInIndex = 0; path = TourUITests.xctest; sourceTree = BUILT_PRODUCTS_DIR; };
		FE8C1F591EDC29FD00EAC1D8 /* TourUITests.swift */ = {isa = PBXFileReference; lastKnownFileType = sourcecode.swift; path = TourUITests.swift; sourceTree = "<group>"; };
		FE8C1F5B1EDC29FD00EAC1D8 /* Info.plist */ = {isa = PBXFileReference; lastKnownFileType = text.plist.xml; path = Info.plist; sourceTree = "<group>"; };
/* End PBXFileReference section */

/* Begin PBXFrameworksBuildPhase section */
		FE8C1F301EDC29FC00EAC1D8 /* Frameworks */ = {
			isa = PBXFrameworksBuildPhase;
			buildActionMask = 2147483647;
			files = (
			);
			runOnlyForDeploymentPostprocessing = 0;
		};
		FE8C1F471EDC29FC00EAC1D8 /* Frameworks */ = {
			isa = PBXFrameworksBuildPhase;
			buildActionMask = 2147483647;
			files = (
			);
			runOnlyForDeploymentPostprocessing = 0;
		};
		FE8C1F521EDC29FD00EAC1D8 /* Frameworks */ = {
			isa = PBXFrameworksBuildPhase;
			buildActionMask = 2147483647;
			files = (
			);
			runOnlyForDeploymentPostprocessing = 0;
		};
/* End PBXFrameworksBuildPhase section */

/* Begin PBXGroup section */
		FE8C1F2A1EDC29FC00EAC1D8 = {
			isa = PBXGroup;
			children = (
				FE8C1F351EDC29FC00EAC1D8 /* Tour */,
				FE8C1F4D1EDC29FC00EAC1D8 /* TourTests */,
				FE8C1F581EDC29FD00EAC1D8 /* TourUITests */,
				FE8C1F341EDC29FC00EAC1D8 /* Products */,
			);
			sourceTree = "<group>";
		};
		FE8C1F341EDC29FC00EAC1D8 /* Products */ = {
			isa = PBXGroup;
			children = (
				FE8C1F331EDC29FC00EAC1D8 /* Tour.app */,
				FE8C1F4A1EDC29FC00EAC1D8 /* TourTests.xctest */,
				FE8C1F551EDC29FD00EAC1D8 /* TourUITests.xctest */,
			);
			name = Products;
			sourceTree = "<group>";
		};
		FE8C1F351EDC29FC00EAC1D8 /* Tour */ = {
			isa = PBXGroup;
			children = (
				FE8C1F361EDC29FC00EAC1D8 /* AppDelegate.swift */,
				FE8C1F381EDC29FC00EAC1D8 /* ViewController.swift */,
				FE8C1F3A1EDC29FC00EAC1D8 /* Main.storyboard */,
				FE8C1F401EDC29FC00EAC1D8 /* Assets.xcassets */,
				FE8C1F421EDC29FC00EAC1D8 /* LaunchScreen.storyboard */,
				FE8C1F451EDC29FC00EAC1D8 /* Info.plist */,
				FE8C1F3D1EDC29FC00EAC1D8 /* Tour.xcdatamodeld */,
			);
			path = Tour;
			sourceTree = "<group>";
		};
		FE8C1F4D1EDC29FC00EAC1D8 /* TourTests */ = {
			isa = PBXGroup;
			children = (
				FE8C1F4E1EDC29FC00EAC1D8 /* TourTests.swift */,
				FE8C1F501EDC29FC00EAC1D8 /* Info.plist */,
			);
			path = TourTests;
			sourceTree = "<group>";
		};
		FE8C1F581EDC29FD00EAC1D8 /* TourUITests */ = {
			isa = PBXGroup;
			children = (
				FE8C1F591EDC29FD00EAC1D8 /* TourUITests.swift */,
				FE8C1F5B1EDC29FD00EAC1D8 /* Info.plist */,
			);
			path = TourUITests;
			sourceTree = "<group>";
		};
/* End PBXGroup section */

/* Begin PBXNativeTarget section */
		FE8C1F321EDC29FC00EAC1D8 /* Tour */ = {
			isa = PBXNativeTarget;
			buildConfigurationList = FE8C1F5E1EDC29FD00EAC1D8 /* Build configuration list for PBXNativeTarget "Tour" */;
			buildPhases = (
				FE8C1F2F1EDC29FC00EAC1D8 /* Sources */,
				FE8C1F301EDC29FC00EAC1D8 /* Frameworks */,
				FE8C1F311EDC29FC00EAC1D8 /* Resources */,
			);
			buildRules = (
			);
			dependencies = (
			);
			name = Tour;
			productName = Tour;
			productReference = FE8C1F331EDC29FC00EAC1D8 /* Tour.app */;
			productType = "com.apple.product-type.application";
		};
		FE8C1F491EDC29FC00EAC1D8 /* TourTests */ = {
			isa = PBXNativeTarget;
			buildConfigurationList = FE8C1F611EDC29FD00EAC1D8 /* Build configuration list for PBXNativeTarget "TourTests" */;
			buildPhases = (
				FE8C1F461EDC29FC00EAC1D8 /* Sources */,
				FE8C1F471EDC29FC00EAC1D8 /* Frameworks */,
				FE8C1F481EDC29FC00EAC1D8 /* Resources */,
			);
			buildRules = (
			);
			dependencies = (
				FE8C1F4C1EDC29FC00EAC1D8 /* PBXTargetDependency */,
			);
			name = TourTests;
			productName = TourTests;
			productReference = FE8C1F4A1EDC29FC00EAC1D8 /* TourTests.xctest */;
			productType = "com.apple.product-type.bundle.unit-test";
		};
		FE8C1F541EDC29FD00EAC1D8 /* TourUITests */ = {
			isa = PBXNativeTarget;
			buildConfigurationList = FE8C1F641EDC29FD00EAC1D8 /* Build configuration list for PBXNativeTarget "TourUITests" */;
			buildPhases = (
				FE8C1F511EDC29FD00EAC1D8 /* Sources */,
				FE8C1F521EDC29FD00EAC1D8 /* Frameworks */,
				FE8C1F531EDC29FD00EAC1D8 /* Resources */,
			);
			buildRules = (
			);
			dependencies = (
				FE8C1F571EDC29FD00EAC1D8 /* PBXTargetDependency */,
			);
			name = TourUITests;
			productName = TourUITests;
			productReference = FE8C1F551EDC29FD00EAC1D8 /* TourUITests.xctest */;
			productType = "com.apple.product-type.bundle.ui-testing";
		};
/* End PBXNativeTarget section */

/* Begin PBXProject section */
		FE8C1F2B1EDC29FC00EAC1D8 /* Project object */ = {
			isa = PBXProject;
			attributes = {
				LastSwiftUpdateCheck = 0830;
				LastUpgradeCheck = 0830;
				ORGANIZATIONNAME = thangvnnc;
				TargetAttributes = {
					FE8C1F321EDC29FC00EAC1D8 = {
						CreatedOnToolsVersion = 8.3.2;
						ProvisioningStyle = Automatic;
					};
					FE8C1F491EDC29FC00EAC1D8 = {
						CreatedOnToolsVersion = 8.3.2;
						ProvisioningStyle = Automatic;
						TestTargetID = FE8C1F321EDC29FC00EAC1D8;
					};
					FE8C1F541EDC29FD00EAC1D8 = {
						CreatedOnToolsVersion = 8.3.2;
						ProvisioningStyle = Automatic;
						TestTargetID = FE8C1F321EDC29FC00EAC1D8;
					};
				};
			};
			buildConfigurationList = FE8C1F2E1EDC29FC00EAC1D8 /* Build configuration list for PBXProject "Tour" */;
			compatibilityVersion = "Xcode 3.2";
			developmentRegion = English;
			hasScannedForEncodings = 0;
			knownRegions = (
				en,
				Base,
			);
			mainGroup = FE8C1F2A1EDC29FC00EAC1D8;
			productRefGroup = FE8C1F341EDC29FC00EAC1D8 /* Products */;
			projectDirPath = "";
			projectRoot = "";
			targets = (
				FE8C1F321EDC29FC00EAC1D8 /* Tour */,
				FE8C1F491EDC29FC00EAC1D8 /* TourTests */,
				FE8C1F541EDC29FD00EAC1D8 /* TourUITests */,
			);
		};
/* End PBXProject section */

/* Begin PBXResourcesBuildPhase section */
		FE8C1F311EDC29FC00EAC1D8 /* Resources */ = {
			isa = PBXResourcesBuildPhase;
			buildActionMask = 2147483647;
			files = (
				FE8C1F441EDC29FC00EAC1D8 /* LaunchScreen.storyboard in Resources */,
				FE8C1F411EDC29FC00EAC1D8 /* Assets.xcassets in Resources */,
				FE8C1F3C1EDC29FC00EAC1D8 /* Main.storyboard in Resources */,
			);
			runOnlyForDeploymentPostprocessing = 0;
		};
		FE8C1F481EDC29FC00EAC1D8 /* Resources */ = {
			isa = PBXResourcesBuildPhase;
			buildActionMask = 2147483647;
			files = (
			);
			runOnlyForDeploymentPostprocessing = 0;
		};
		FE8C1F531EDC29FD00EAC1D8 /* Resources */ = {
			isa = PBXResourcesBuildPhase;
			buildActionMask = 2147483647;
			files = (
			);
			runOnlyForDeploymentPostprocessing = 0;
		};
/* End PBXResourcesBuildPhase section */

/* Begin PBXSourcesBuildPhase section */
		FE8C1F2F1EDC29FC00EAC1D8 /* Sources */ = {
			isa = PBXSourcesBuildPhase;
			buildActionMask = 2147483647;
			files = (
				FE8C1F3F1EDC29FC00EAC1D8 /* Tour.xcdatamodeld in Sources */,
				FE8C1F391EDC29FC00EAC1D8 /* ViewController.swift in Sources */,
				FE8C1F371EDC29FC00EAC1D8 /* AppDelegate.swift in Sources */,
			);
			runOnlyForDeploymentPostprocessing = 0;
		};
		FE8C1F461EDC29FC00EAC1D8 /* Sources */ = {
			isa = PBXSourcesBuildPhase;
			buildActionMask = 2147483647;
			files = (
				FE8C1F4F1EDC29FC00EAC1D8 /* TourTests.swift in Sources */,
			);
			runOnlyForDeploymentPostprocessing = 0;
		};
		FE8C1F511EDC29FD00EAC1D8 /* Sources */ = {
			isa = PBXSourcesBuildPhase;
			buildActionMask = 2147483647;
			files = (
				FE8C1F5A1EDC29FD00EAC1D8 /* TourUITests.swift in Sources */,
			);
			runOnlyForDeploymentPostprocessing = 0;
		};
/* End PBXSourcesBuildPhase section */

/* Begin PBXTargetDependency section */
		FE8C1F4C1EDC29FC00EAC1D8 /* PBXTargetDependency */ = {
			isa = PBXTargetDependency;
			target = FE8C1F321EDC29FC00EAC1D8 /* Tour */;
			targetProxy = FE8C1F4B1EDC29FC00EAC1D8 /* PBXContainerItemProxy */;
		};
		FE8C1F571EDC29FD00EAC1D8 /* PBXTargetDependency */ = {
			isa = PBXTargetDependency;
			target = FE8C1F321EDC29FC00EAC1D8 /* Tour */;
			targetProxy = FE8C1F561EDC29FD00EAC1D8 /* PBXContainerItemProxy */;
		};
/* End PBXTargetDependency section */

/* Begin PBXVariantGroup section */
		FE8C1F3A1EDC29FC00EAC1D8 /* Main.storyboard */ = {
			isa = PBXVariantGroup;
			children = (
				FE8C1F3B1EDC29FC00EAC1D8 /* Base */,
			);
			name = Main.storyboard;
			sourceTree = "<group>";
		};
		FE8C1F421EDC29FC00EAC1D8 /* LaunchScreen.storyboard */ = {
			isa = PBXVariantGroup;
			children = (
				FE8C1F431EDC29FC00EAC1D8 /* Base */,
			);
			name = LaunchScreen.storyboard;
			sourceTree = "<group>";
		};
/* End PBXVariantGroup section */

/* Begin XCBuildConfiguration section */
		FE8C1F5C1EDC29FD00EAC1D8 /* Debug */ = {
			isa = XCBuildConfiguration;
			buildSettings = {
				ALWAYS_SEARCH_USER_PATHS = NO;
				CLANG_ANALYZER_NONNULL = YES;
				CLANG_ANALYZER_NUMBER_OBJECT_CONVERSION = YES_AGGRESSIVE;
				CLANG_CXX_LANGUAGE_STANDARD = "gnu++0x";
				CLANG_CXX_LIBRARY = "libc++";
				CLANG_ENABLE_MODULES = YES;
				CLANG_ENABLE_OBJC_ARC = YES;
				CLANG_WARN_BOOL_CONVERSION = YES;
				CLANG_WARN_CONSTANT_CONVERSION = YES;
				CLANG_WARN_DIRECT_OBJC_ISA_USAGE = YES_ERROR;
				CLANG_WARN_DOCUMENTATION_COMMENTS = YES;
				CLANG_WARN_EMPTY_BODY = YES;
				CLANG_WARN_ENUM_CONVERSION = YES;
				CLANG_WARN_INFINITE_RECURSION = YES;
				CLANG_WARN_INT_CONVERSION = YES;
				CLANG_WARN_OBJC_ROOT_CLASS = YES_ERROR;
				CLANG_WARN_SUSPICIOUS_MOVE = YES;
				CLANG_WARN_UNREACHABLE_CODE = YES;
				CLANG_WARN__DUPLICATE_METHOD_MATCH = YES;
				"CODE_SIGN_IDENTITY[sdk=iphoneos*]" = "iPhone Developer";
				COPY_PHASE_STRIP = NO;
				DEBUG_INFORMATION_FORMAT = dwarf;
				ENABLE_STRICT_OBJC_MSGSEND = YES;
				ENABLE_TESTABILITY = YES;
				GCC_C_LANGUAGE_STANDARD = gnu99;
				GCC_DYNAMIC_NO_PIC = NO;
				GCC_NO_COMMON_BLOCKS = YES;
				GCC_OPTIMIZATION_LEVEL = 0;
				GCC_PREPROCESSOR_DEFINITIONS = (
					"DEBUG=1",
					"$(inherited)",
				);
				GCC_WARN_64_TO_32_BIT_CONVERSION = YES;
				GCC_WARN_ABOUT_RETURN_TYPE = YES_ERROR;
				GCC_WARN_UNDECLARED_SELECTOR = YES;
				GCC_WARN_UNINITIALIZED_AUTOS = YES_AGGRESSIVE;
				GCC_WARN_UNUSED_FUNCTION = YES;
				GCC_WARN_UNUSED_VARIABLE = YES;
				IPHONEOS_DEPLOYMENT_TARGET = 10.3;
				MTL_ENABLE_DEBUG_INFO = YES;
				ONLY_ACTIVE_ARCH = YES;
				SDKROOT = iphoneos;
				SWIFT_ACTIVE_COMPILATION_CONDITIONS = DEBUG;
				SWIFT_OPTIMIZATION_LEVEL = "-Onone";
				TARGETED_DEVICE_FAMILY = "1,2";
			};
			name = Debug;
		};
		FE8C1F5D1EDC29FD00EAC1D8 /* Release */ = {
			isa = XCBuildConfiguration;
			buildSettings = {
				ALWAYS_SEARCH_USER_PATHS = NO;
				CLANG_ANALYZER_NONNULL = YES;
				CLANG_ANALYZER_NUMBER_OBJECT_CONVERSION = YES_AGGRESSIVE;
				CLANG_CXX_LANGUAGE_STANDARD = "gnu++0x";
				CLANG_CXX_LIBRARY = "libc++";
				CLANG_ENABLE_MODULES = YES;
				CLANG_ENABLE_OBJC_ARC = YES;
				CLANG_WARN_BOOL_CONVERSION = YES;
				CLANG_WARN_CONSTANT_CONVERSION = YES;
				CLANG_WARN_DIRECT_OBJC_ISA_USAGE = YES_ERROR;
				CLANG_WARN_DOCUMENTATION_COMMENTS = YES;
				CLANG_WARN_EMPTY_BODY = YES;
				CLANG_WARN_ENUM_CONVERSION = YES;
				CLANG_WARN_INFINITE_RECURSION = YES;
				CLANG_WARN_INT_CONVERSION = YES;
				CLANG_WARN_OBJC_ROOT_CLASS = YES_ERROR;
				CLANG_WARN_SUSPICIOUS_MOVE = YES;
				CLANG_WARN_UNREACHABLE_CODE = YES;
				CLANG_WARN__DUPLICATE_METHOD_MATCH = YES;
				"CODE_SIGN_IDENTITY[sdk=iphoneos*]" = "iPhone Developer";
				COPY_PHASE_STRIP = NO;
				DEBUG_INFORMATION_FORMAT = "dwarf-with-dsym";
				ENABLE_NS_ASSERTIONS = NO;
				ENABLE_STRICT_OBJC_MSGSEND = YES;
				GCC_C_LANGUAGE_STANDARD = gnu99;
				GCC_NO_COMMON_BLOCKS = YES;
				GCC_WARN_64_TO_32_BIT_CONVERSION = YES;
				GCC_WARN_ABOUT_RETURN_TYPE = YES_ERROR;
				GCC_WARN_UNDECLARED_SELECTOR = YES;
				GCC_WARN_UNINITIALIZED_AUTOS = YES_AGGRESSIVE;
				GCC_WARN_UNUSED_FUNCTION = YES;
				GCC_WARN_UNUSED_VARIABLE = YES;
				IPHONEOS_DEPLOYMENT_TARGET = 10.3;
				MTL_ENABLE_DEBUG_INFO = NO;
				SDKROOT = iphoneos;
				SWIFT_OPTIMIZATION_LEVEL = "-Owholemodule";
				TARGETED_DEVICE_FAMILY = "1,2";
				VALIDATE_PRODUCT = YES;
			};
			name = Release;
		};
		FE8C1F5F1EDC29FD00EAC1D8 /* Debug */ = {
			isa = XCBuildConfiguration;
			buildSettings = {
				ASSETCATALOG_COMPILER_APPICON_NAME = AppIcon;
				INFOPLIST_FILE = Tour/Info.plist;
				LD_RUNPATH_SEARCH_PATHS = "$(inherited) @executable_path/Frameworks";
				PRODUCT_BUNDLE_IDENTIFIER = com.viendong.tour.Tour;
				PRODUCT_NAME = "$(TARGET_NAME)";
				SWIFT_VERSION = 3.0;
			};
			name = Debug;
		};
		FE8C1F601EDC29FD00EAC1D8 /* Release */ = {
			isa = XCBuildConfiguration;
			buildSettings = {
				ASSETCATALOG_COMPILER_APPICON_NAME = AppIcon;
				INFOPLIST_FILE = Tour/Info.plist;
				LD_RUNPATH_SEARCH_PATHS = "$(inherited) @executable_path/Frameworks";
				PRODUCT_BUNDLE_IDENTIFIER = com.viendong.tour.Tour;
				PRODUCT_NAME = "$(TARGET_NAME)";
				SWIFT_VERSION = 3.0;
			};
			name = Release;
		};
		FE8C1F621EDC29FD00EAC1D8 /* Debug */ = {
			isa = XCBuildConfiguration;
			buildSettings = {
				ALWAYS_EMBED_SWIFT_STANDARD_LIBRARIES = YES;
				BUNDLE_LOADER = "$(TEST_HOST)";
				INFOPLIST_FILE = TourTests/Info.plist;
				LD_RUNPATH_SEARCH_PATHS = "$(inherited) @executable_path/Frameworks @loader_path/Frameworks";
				PRODUCT_BUNDLE_IDENTIFIER = com.viendong.tour.TourTests;
				PRODUCT_NAME = "$(TARGET_NAME)";
				SWIFT_VERSION = 3.0;
				TEST_HOST = "$(BUILT_PRODUCTS_DIR)/Tour.app/Tour";
			};
			name = Debug;
		};
		FE8C1F631EDC29FD00EAC1D8 /* Release */ = {
			isa = XCBuildConfiguration;
			buildSettings = {
				ALWAYS_EMBED_SWIFT_STANDARD_LIBRARIES = YES;
				BUNDLE_LOADER = "$(TEST_HOST)";
				INFOPLIST_FILE = TourTests/Info.plist;
				LD_RUNPATH_SEARCH_PATHS = "$(inherited) @executable_path/Frameworks @loader_path/Frameworks";
				PRODUCT_BUNDLE_IDENTIFIER = com.viendong.tour.TourTests;
				PRODUCT_NAME = "$(TARGET_NAME)";
				SWIFT_VERSION = 3.0;
				TEST_HOST = "$(BUILT_PRODUCTS_DIR)/Tour.app/Tour";
			};
			name = Release;
		};
		FE8C1F651EDC29FD00EAC1D8 /* Debug */ = {
			isa = XCBuildConfiguration;
			buildSettings = {
				ALWAYS_EMBED_SWIFT_STANDARD_LIBRARIES = YES;
				INFOPLIST_FILE = TourUITests/Info.plist;
				LD_RUNPATH_SEARCH_PATHS = "$(inherited) @executable_path/Frameworks @loader_path/Frameworks";
				PRODUCT_BUNDLE_IDENTIFIER = com.viendong.tour.TourUITests;
				PRODUCT_NAME = "$(TARGET_NAME)";
				SWIFT_VERSION = 3.0;
				TEST_TARGET_NAME = Tour;
			};
			name = Debug;
		};
		FE8C1F661EDC29FD00EAC1D8 /* Release */ = {
			isa = XCBuildConfiguration;
			buildSettings = {
				ALWAYS_EMBED_SWIFT_STANDARD_LIBRARIES = YES;
				INFOPLIST_FILE = TourUITests/Info.plist;
				LD_RUNPATH_SEARCH_PATHS = "$(inherited) @executable_path/Frameworks @loader_path/Frameworks";
				PRODUCT_BUNDLE_IDENTIFIER = com.viendong.tour.TourUITests;
				PRODUCT_NAME = "$(TARGET_NAME)";
				SWIFT_VERSION = 3.0;
				TEST_TARGET_NAME = Tour;
			};
			name = Release;
		};
/* End XCBuildConfiguration section */

/* Begin XCConfigurationList section */
		FE8C1F2E1EDC29FC00EAC1D8 /* Build configuration list for PBXProject "Tour" */ = {
			isa = XCConfigurationList;
			buildConfigurations = (
				FE8C1F5C1EDC29FD00EAC1D8 /* Debug */,
				FE8C1F5D1EDC29FD00EAC1D8 /* Release */,
			);
			defaultConfigurationIsVisible = 0;
			defaultConfigurationName = Release;
		};
		FE8C1F5E1EDC29FD00EAC1D8 /* Build configuration list for PBXNativeTarget "Tour" */ = {
			isa = XCConfigurationList;
			buildConfigurations = (
				FE8C1F5F1EDC29FD00EAC1D8 /* Debug */,
				FE8C1F601EDC29FD00EAC1D8 /* Release */,
			);
			defaultConfigurationIsVisible = 0;
		};
		FE8C1F611EDC29FD00EAC1D8 /* Build configuration list for PBXNativeTarget "TourTests" */ = {
			isa = XCConfigurationList;
			buildConfigurations = (
				FE8C1F621EDC29FD00EAC1D8 /* Debug */,
				FE8C1F631EDC29FD00EAC1D8 /* Release */,
			);
			defaultConfigurationIsVisible = 0;
		};
		FE8C1F641EDC29FD00EAC1D8 /* Build configuration list for PBXNativeTarget "TourUITests" */ = {
			isa = XCConfigurationList;
			buildConfigurations = (
				FE8C1F651EDC29FD00EAC1D8 /* Debug */,
				FE8C1F661EDC29FD00EAC1D8 /* Release */,
			);
			defaultConfigurationIsVisible = 0;
		};
/* End XCConfigurationList section */

/* Begin XCVersionGroup section */
		FE8C1F3D1EDC29FC00EAC1D8 /* Tour.xcdatamodeld */ = {
			isa = XCVersionGroup;
			children = (
				FE8C1F3E1EDC29FC00EAC1D8 /* Tour.xcdatamodel */,
			);
			currentVersion = FE8C1F3E1EDC29FC00EAC1D8 /* Tour.xcdatamodel */;
			path = Tour.xcdatamodeld;
			sourceTree = "<group>";
			versionGroupType = wrapper.xcdatamodel;
		};
/* End XCVersionGroup section */
	};
	rootObject = FE8C1F2B1EDC29FC00EAC1D8 /* Project object */;
}
